
Microsoft Visual Studio Solution File, Format Version 12.00
# Visual Studio Version 17
VisualStudioVersion = 17.4.33213.308
MinimumVisualStudioVersion = 10.0.40219.1
Project("{FAE04EC0-301F-11D3-BF4B-00C04F79EFBC}") = "Views", "Views\Views.csproj", "{52250EEA-11E0-43E2-8713-43EB12219256}"
EndProject
Project("{FAE04EC0-301F-11D3-BF4B-00C04F79EFBC}") = "Models", "Models\Models.csproj", "{3D6A1C75-C6C6-46AF-8B80-FD2E30D9B311}"
EndProject
Project("{FAE04EC0-301F-11D3-BF4B-00C04F79EFBC}") = "Controls", "Controls\Controls.csproj", "{8ACB6BD5-E3E8-45AA-8849-6E2D30B53FA0}"
EndProject
Global
	GlobalSection(SolutionConfigurationPlatforms) = preSolution
		Debug|Any CPU = Debug|Any CPU
		Release|Any CPU = Release|Any CPU
	EndGlobalSection
	GlobalSection(ProjectConfigurationPlatforms) = postSolution
		{52250EEA-11E0-43E2-8713-43EB12219256}.Debug|Any CPU.ActiveCfg = Debug|Any CPU
		{52250EEA-11E0-43E2-8713-43EB12219256}.Debug|Any CPU.Build.0 = Debug|Any CPU
		{52250EEA-11E0-43E2-8713-43EB12219256}.Release|Any CPU.ActiveCfg = Release|Any CPU
		{52250EEA-11E0-43E2-8713-43EB12219256}.Release|Any CPU.Build.0 = Release|Any CPU
		{3D6A1C75-C6C6-46AF-8B80-FD2E30D9B311}.Debug|Any CPU.ActiveCfg = Debug|Any CPU
		{3D6A1C75-C6C6-46AF-8B80-FD2E30D9B311}.Debug|Any CPU.Build.0 = Debug|Any CPU
		{3D6A1C75-C6C6-46AF-8B80-FD2E30D9B311}.Release|Any CPU.ActiveCfg = Release|Any CPU
		{3D6A1C75-C6C6-46AF-8B80-FD2E30D9B311}.Release|Any CPU.Build.0 = Release|Any CPU
		{8ACB6BD5-E3E8-45AA-8849-6E2D30B53FA0}.Debug|Any CPU.ActiveCfg = Debug|Any CPU
		{8ACB6BD5-E3E8-45AA-8849-6E2D30B53FA0}.Debug|Any CPU.Build.0 = Debug|Any CPU
		{8ACB6BD5-E3E8-45AA-8849-6E2D30B53FA0}.Release|Any CPU.ActiveCfg = Release|Any CPU
		{8ACB6BD5-E3E8-45AA-8849-6E2D30B53FA0}.Release|Any CPU.Build.0 = Release|Any CPU
	EndGlobalSection
	GlobalSection(SolutionProperties) = preSolution
		HideSolutionNode = FALSE
	EndGlobalSection
	GlobalSection(ExtensibilityGlobals) = postSolution
		SolutionGuid = {79F994EB-8C0E-4951-9F4F-87CA81460CF4}
	EndGlobalSection
EndGlobal
